# THIS IS AN AUTOGENERATED FILE. DO NOT EDIT THIS FILE DIRECTLY.
# yarn lockfile v1


lodash@^4.15.0, lodash@^4.16.0:
  version "4.17.21"
  resolved "https://mirrors.tencent.com/npm/lodash/-/lodash-4.17.21.tgz#679591c564c3bffaae8454cf0b3df370c3d6911c"
  integrity sha512-v2kDEe57lecTulaDIuNTPy3Ry4gLGJ6Z1O3vE1krgXZNrsQ+LFTGHVxVjcXPs17LhbZVGedAJv8XZ1tvj5FvSg==

nll-test-a@^1.0.0:
  version "1.0.0"
  resolved "https://mirrors.tencent.com/npm/nll-test-a/-/nll-test-a-1.0.0.tgz#028a5e6f95a6a8dc38c87441d74703181188384a"
  integrity sha512-ZBTmi3X120/ebkH0XD7b920BFNULQh+PqafjzJyGFlmfC4jG+aF1SkW5ZO7QG6SaUNDttiD00O+CKpXI47P0lA==
  dependencies:
    lodash "^4.15.0"
    underscore "~1.7.0"

nll-test-b@^1.2.0:
  version "1.2.0"
  resolved "https://mirrors.tencent.com/npm/nll-test-b/-/nll-test-b-1.2.0.tgz#40c89487af4417075b8b099d8576054294da8a4d"
  integrity sha512-uHS0sXgTttsc0J0AmAk0DuuwYYFtoSFZqPKWG+YIzddCfEKd/oqcGN0efzM7/5HAcYnp2p1qc/YnETfGD0AYSw==
  dependencies:
    lodash "^4.16.0"
    underscore "~1.5.1"

underscore@~1.5.1:
  version "1.5.2"
  resolved "https://mirrors.tencent.com/npm/underscore/-/underscore-1.5.2.tgz#1335c5e4f5e6d33bbb4b006ba8c86a00f556de08"
  integrity sha1-EzXF5PXm0zu7SwBrqMhqAPVW3gg=

underscore@~1.7.0:
  version "1.7.0"
  resolved "https://mirrors.tencent.com/npm/underscore/-/underscore-1.7.0.tgz#6bbaf0877500d36be34ecaa584e0db9fef035209"
  integrity sha1-a7rwh3UA02vjTsqlhODbn+8DUgk=

vue@^2.6.14:
  version "2.6.14"
  resolved "https://mirrors.tencent.com/npm/vue/-/vue-2.6.14.tgz#e51aa5250250d569a3fbad3a8a5a687d6036e235"
  integrity sha512-x2284lgYvjOMj3Za7kqzRcUSxBboHqtgRE2zlos1qWaOye5yUmHn42LB1250NJBLRwEcdrB0JRwyPTEPhfQjiQ==
