{
  "name": "encrypt",
  "version": "1.0.0",
  "lockfileVersion": 1,
  "requires": true,
  "dependencies": {
    "blueimp-md5": {
      "version": "2.10.0",
      "resolved": "http://registry.npm.taobao.org/blueimp-md5/download/blueimp-md5-2.10.0.tgz",
      "integrity": "sha1-AvCEOSH5DcoU9biSCjhZMgHWlk0="
    },
    "crypto-js": {
      "version": "3.1.9-1",
      "resolved": "http://registry.npm.taobao.org/crypto-js/download/crypto-js-3.1.9-1.tgz",
      "integrity": "sha1-/aGedh/Ad+Af+/3G6f38WeiAbNg="
    },
    "jsencrypt": {
      "version": "3.0.0-rc.1",
      "resolved": "http://registry.npm.taobao.org/jsencrypt/download/jsencrypt-3.0.0-rc.1.tgz",
      "integrity": "sha1-DgpHRLpDzFV/tc9i/oZGvOtWGxw="
    },
    "sjcl": {
      "version": "1.0.8",
      "resolved": "http://registry.npm.taobao.org/sjcl/download/sjcl-1.0.8.tgz",
      "integrity": "sha1-8uyNfcHw8hsGm4kUpBqPI2sOJSo="
    }
  }
}
