{
  "name": "dedupe-test",
  "version": "1.0.0",
  "lockfileVersion": 2,
  "requires": true,
  "packages": {
    "": {
      "name": "dedupe-test",
      "version": "1.0.0",
      "license": "ISC",
      "dependencies": {
        "nll-test-a": "^1.0.0",
        "nll-test-b": "^1.2.0",
        "vue": "^2.6.14"
      }
    },
    "node_modules/lodash": {
      "version": "4.17.21",
      "resolved": "https://mirrors.tencent.com/npm/lodash/-/lodash-4.17.21.tgz",
      "integrity": "sha512-v2kDEe57lecTulaDIuNTPy3Ry4gLGJ6Z1O3vE1krgXZNrsQ+LFTGHVxVjcXPs17LhbZVGedAJv8XZ1tvj5FvSg==",
      "license": "MIT"
    },
    "node_modules/nll-test-a": {
      "version": "1.0.0",
      "resolved": "https://mirrors.tencent.com/npm/nll-test-a/-/nll-test-a-1.0.0.tgz",
      "integrity": "sha512-ZBTmi3X120/ebkH0XD7b920BFNULQh+PqafjzJyGFlmfC4jG+aF1SkW5ZO7QG6SaUNDttiD00O+CKpXI47P0lA==",
      "license": "ISC",
      "dependencies": {
        "lodash": "^4.15.0",
        "underscore": "~1.7.0"
      }
    },
    "node_modules/nll-test-b": {
      "version": "1.2.0",
      "resolved": "https://mirrors.tencent.com/npm/nll-test-b/-/nll-test-b-1.2.0.tgz",
      "integrity": "sha512-uHS0sXgTttsc0J0AmAk0DuuwYYFtoSFZqPKWG+YIzddCfEKd/oqcGN0efzM7/5HAcYnp2p1qc/YnETfGD0AYSw==",
      "license": "ISC",
      "dependencies": {
        "lodash": "^4.16.0",
        "underscore": "~1.5.1"
      }
    },
    "node_modules/nll-test-b/node_modules/underscore": {
      "version": "1.5.2",
      "resolved": "https://mirrors.tencent.com/npm/underscore/-/underscore-1.5.2.tgz",
      "integrity": "sha1-EzXF5PXm0zu7SwBrqMhqAPVW3gg="
    },
    "node_modules/underscore": {
      "version": "1.7.0",
      "resolved": "https://mirrors.tencent.com/npm/underscore/-/underscore-1.7.0.tgz",
      "integrity": "sha1-a7rwh3UA02vjTsqlhODbn+8DUgk="
    },
    "node_modules/vue": {
      "version": "2.6.14",
      "resolved": "https://mirrors.tencent.com/npm/vue/-/vue-2.6.14.tgz",
      "integrity": "sha512-x2284lgYvjOMj3Za7kqzRcUSxBboHqtgRE2zlos1qWaOye5yUmHn42LB1250NJBLRwEcdrB0JRwyPTEPhfQjiQ==",
      "license": "MIT"
    }
  },
  "dependencies": {
    "lodash": {
      "version": "4.17.21",
      "resolved": "https://mirrors.tencent.com/npm/lodash/-/lodash-4.17.21.tgz",
      "integrity": "sha512-v2kDEe57lecTulaDIuNTPy3Ry4gLGJ6Z1O3vE1krgXZNrsQ+LFTGHVxVjcXPs17LhbZVGedAJv8XZ1tvj5FvSg=="
    },
    "nll-test-a": {
      "version": "1.0.0",
      "resolved": "https://mirrors.tencent.com/npm/nll-test-a/-/nll-test-a-1.0.0.tgz",
      "integrity": "sha512-ZBTmi3X120/ebkH0XD7b920BFNULQh+PqafjzJyGFlmfC4jG+aF1SkW5ZO7QG6SaUNDttiD00O+CKpXI47P0lA==",
      "requires": {
        "lodash": "^4.15.0",
        "underscore": "~1.7.0"
      }
    },
    "nll-test-b": {
      "version": "1.2.0",
      "resolved": "https://mirrors.tencent.com/npm/nll-test-b/-/nll-test-b-1.2.0.tgz",
      "integrity": "sha512-uHS0sXgTttsc0J0AmAk0DuuwYYFtoSFZqPKWG+YIzddCfEKd/oqcGN0efzM7/5HAcYnp2p1qc/YnETfGD0AYSw==",
      "requires": {
        "lodash": "^4.16.0",
        "underscore": "~1.5.1"
      },
      "dependencies": {
        "underscore": {
          "version": "1.5.2",
          "resolved": "https://mirrors.tencent.com/npm/underscore/-/underscore-1.5.2.tgz",
          "integrity": "sha1-EzXF5PXm0zu7SwBrqMhqAPVW3gg="
        }
      }
    },
    "underscore": {
      "version": "1.7.0",
      "resolved": "https://mirrors.tencent.com/npm/underscore/-/underscore-1.7.0.tgz",
      "integrity": "sha1-a7rwh3UA02vjTsqlhODbn+8DUgk="
    },
    "vue": {
      "version": "2.6.14",
      "resolved": "https://mirrors.tencent.com/npm/vue/-/vue-2.6.14.tgz",
      "integrity": "sha512-x2284lgYvjOMj3Za7kqzRcUSxBboHqtgRE2zlos1qWaOye5yUmHn42LB1250NJBLRwEcdrB0JRwyPTEPhfQjiQ=="
    }
  }
}
